
Microsoft Visual Studio Solution File, Format Version 12.00
# Visual Studio Version 16
VisualStudioVersion = 16.0.30804.86
MinimumVisualStudioVersion = 10.0.40219.1
Project("{FAE04EC0-301F-11D3-BF4B-00C04F79EFBC}") = "Parssing", "Parssing\Parssing.csproj", "{B0D67597-77A8-4448-AE31-1CA7F8EB3125}"
EndProject
Global
	GlobalSection(SolutionConfigurationPlatforms) = preSolution
		Debug|Any CPU = Debug|Any CPU
		Release|Any CPU = Release|Any CPU
	EndGlobalSection
	GlobalSection(ProjectConfigurationPlatforms) = postSolution
		{B0D67597-77A8-4448-AE31-1CA7F8EB3125}.Debug|Any CPU.ActiveCfg = Debug|Any CPU
		{B0D67597-77A8-4448-AE31-1CA7F8EB3125}.Debug|Any CPU.Build.0 = Debug|Any CPU
		{B0D67597-77A8-4448-AE31-1CA7F8EB3125}.Release|Any CPU.ActiveCfg = Release|Any CPU
		{B0D67597-77A8-4448-AE31-1CA7F8EB3125}.Release|Any CPU.Build.0 = Release|Any CPU
	EndGlobalSection
	GlobalSection(SolutionProperties) = preSolution
		HideSolutionNode = FALSE
	EndGlobalSection
	GlobalSection(ExtensibilityGlobals) = postSolution
		SolutionGuid = {0FC27AEA-4672-44BB-B77C-0812C8C0E2A6}
	EndGlobalSection
EndGlobal
